
Microsoft Visual Studio Solution File, Format Version 12.00
# Visual Studio Version 17
VisualStudioVersion = 17.9.34622.214
MinimumVisualStudioVersion = 10.0.40219.1
Project("{FAE04EC0-301F-11D3-BF4B-00C04F79EFBC}") = "EscFeatureEngineering", "EscFeatureEngineering\EscFeatureEngineering.csproj", "{E4006C60-D911-4627-AA17-6B3FC2EBB2DE}"
EndProject
Global
	GlobalSection(SolutionConfigurationPlatforms) = preSolution
		Debug|Any CPU = Debug|Any CPU
		Release|Any CPU = Release|Any CPU
	EndGlobalSection
	GlobalSection(ProjectConfigurationPlatforms) = postSolution
		{E4006C60-D911-4627-AA17-6B3FC2EBB2DE}.Debug|Any CPU.ActiveCfg = Debug|Any CPU
		{E4006C60-D911-4627-AA17-6B3FC2EBB2DE}.Debug|Any CPU.Build.0 = Debug|Any CPU
		{E4006C60-D911-4627-AA17-6B3FC2EBB2DE}.Release|Any CPU.ActiveCfg = Release|Any CPU
		{E4006C60-D911-4627-AA17-6B3FC2EBB2DE}.Release|Any CPU.Build.0 = Release|Any CPU
	EndGlobalSection
	GlobalSection(SolutionProperties) = preSolution
		HideSolutionNode = FALSE
	EndGlobalSection
	GlobalSection(ExtensibilityGlobals) = postSolution
		SolutionGuid = {7D108BC3-5572-484E-BDA6-E36811833D30}
	EndGlobalSection
EndGlobal
